
Microsoft Visual Studio Solution File, Format Version 12.00
# Visual Studio 15
VisualStudioVersion = 15.0.28307.852
MinimumVisualStudioVersion = 10.0.40219.1
Project("{FAE04EC0-301F-11D3-BF4B-00C04F79EFBC}") = "RubberSoft", "RubberSoft\RubberSoft.csproj", "{D1ABA254-B2C9-46FE-9EF4-BA7B4A71A507}"
EndProject
Global
	GlobalSection(SolutionConfigurationPlatforms) = preSolution
		Debug|Any CPU = Debug|Any CPU
		Release|Any CPU = Release|Any CPU
	EndGlobalSection
	GlobalSection(ProjectConfigurationPlatforms) = postSolution
		{D1ABA254-B2C9-46FE-9EF4-BA7B4A71A507}.Debug|Any CPU.ActiveCfg = Debug|Any CPU
		{D1ABA254-B2C9-46FE-9EF4-BA7B4A71A507}.Debug|Any CPU.Build.0 = Debug|Any CPU
		{D1ABA254-B2C9-46FE-9EF4-BA7B4A71A507}.Release|Any CPU.ActiveCfg = Release|Any CPU
		{D1ABA254-B2C9-46FE-9EF4-BA7B4A71A507}.Release|Any CPU.Build.0 = Release|Any CPU
	EndGlobalSection
	GlobalSection(SolutionProperties) = preSolution
		HideSolutionNode = FALSE
	EndGlobalSection
	GlobalSection(ExtensibilityGlobals) = postSolution
		SolutionGuid = {0E8ABEBC-28CF-45E4-9D74-C77AC2B2A18F}
	EndGlobalSection
	GlobalSection(TeamFoundationVersionControl) = preSolution
		SccNumberOfProjects = 2
		SccEnterpriseProvider = {4CA58AB2-18FA-4F8D-95D4-32DDF27D184C}
		SccTeamFoundationServer = https://dev.azure.com/theallthailandreject
		SccLocalPath0 = .
		SccProjectUniqueName1 = RubberSoft\\RubberSoft.csproj
		SccProjectName1 = RubberSoft
		SccLocalPath1 = RubberSoft
	EndGlobalSection
EndGlobal
